#MicroXplorer Configuration settings - do not modify
ADC1.AWD1ITMode=ENABLE
ADC1.Channel-6\#ChannelRegularConversion=ADC_CHANNEL_VREFINT
ADC1.Channel-7\#ChannelRegularConversion=ADC_CHANNEL_0
ADC1.Channel-8\#ChannelRegularConversion=ADC_CHANNEL_1
ADC1.EnableAnalogWatchDog=true
ADC1.ExternalTrigConv=ADC_EXTERNALTRIGCONV_T8_TRGO
ADC1.IPParameters=Rank-6\#ChannelRegularConversion,Channel-6\#ChannelRegularConversion,SamplingTime-6\#ChannelRegularConversion,NbrOfConversionFlag,Rank-7\#ChannelRegularConversion,Channel-7\#ChannelRegularConversion,SamplingTime-7\#ChannelRegularConversion,Rank-8\#ChannelRegularConversion,Channel-8\#ChannelRegularConversion,SamplingTime-8\#ChannelRegularConversion,NbrOfConversion,EnableAnalogWatchDog,AWD1ITMode,ExternalTrigConv,master
ADC1.NbrOfConversion=3
ADC1.NbrOfConversionFlag=1
ADC1.Rank-6\#ChannelRegularConversion=1
ADC1.Rank-7\#ChannelRegularConversion=2
ADC1.Rank-8\#ChannelRegularConversion=3
ADC1.SamplingTime-6\#ChannelRegularConversion=ADC_SAMPLETIME_1CYCLE_5
ADC1.SamplingTime-7\#ChannelRegularConversion=ADC_SAMPLETIME_1CYCLE_5
ADC1.SamplingTime-8\#ChannelRegularConversion=ADC_SAMPLETIME_1CYCLE_5
ADC1.master=1
ADC3.AWD1ITMode=ENABLE
ADC3.Channel-0\#ChannelRegularConversion=ADC_CHANNEL_2
ADC3.Channel-1\#ChannelRegularConversion=ADC_CHANNEL_2
ADC3.EnableAnalogWatchDog=true
ADC3.ExternalTrigConv=ADC_EXTERNALTRIGCONV_T8_TRGO
ADC3.IPParameters=Rank-0\#ChannelRegularConversion,Channel-0\#ChannelRegularConversion,SamplingTime-0\#ChannelRegularConversion,NbrOfConversionFlag,Rank-1\#ChannelRegularConversion,Channel-1\#ChannelRegularConversion,SamplingTime-1\#ChannelRegularConversion,NbrOfConversion,ExternalTrigConv,EnableAnalogWatchDog,WatchdogChannel,AWD1ITMode
ADC3.NbrOfConversion=2
ADC3.NbrOfConversionFlag=1
ADC3.Rank-0\#ChannelRegularConversion=1
ADC3.Rank-1\#ChannelRegularConversion=2
ADC3.SamplingTime-0\#ChannelRegularConversion=ADC_SAMPLETIME_1CYCLE_5
ADC3.SamplingTime-1\#ChannelRegularConversion=ADC_SAMPLETIME_1CYCLE_5
ADC3.WatchdogChannel=ADC_CHANNEL_2
DAC.DAC_Trigger=DAC_TRIGGER_T6_TRGO
DAC.DAC_Trigger2=DAC_TRIGGER_T7_TRGO
DAC.IPParameters=DAC_Trigger,DAC_Trigger2
Dma.ADC1.2.Direction=DMA_PERIPH_TO_MEMORY
Dma.ADC1.2.Instance=DMA1_Channel1
Dma.ADC1.2.MemDataAlignment=DMA_MDATAALIGN_HALFWORD
Dma.ADC1.2.MemInc=DMA_MINC_ENABLE
Dma.ADC1.2.Mode=DMA_CIRCULAR
Dma.ADC1.2.PeriphDataAlignment=DMA_PDATAALIGN_HALFWORD
Dma.ADC1.2.PeriphInc=DMA_PINC_DISABLE
Dma.ADC1.2.Priority=DMA_PRIORITY_VERY_HIGH
Dma.ADC1.2.RequestParameters=Instance,Direction,PeriphInc,MemInc,PeriphDataAlignment,MemDataAlignment,Mode,Priority
Dma.ADC3.5.Direction=DMA_PERIPH_TO_MEMORY
Dma.ADC3.5.Instance=DMA2_Channel5
Dma.ADC3.5.MemDataAlignment=DMA_MDATAALIGN_HALFWORD
Dma.ADC3.5.MemInc=DMA_MINC_ENABLE
Dma.ADC3.5.Mode=DMA_CIRCULAR
Dma.ADC3.5.PeriphDataAlignment=DMA_PDATAALIGN_HALFWORD
Dma.ADC3.5.PeriphInc=DMA_PINC_DISABLE
Dma.ADC3.5.Priority=DMA_PRIORITY_VERY_HIGH
Dma.ADC3.5.RequestParameters=Instance,Direction,PeriphInc,MemInc,PeriphDataAlignment,MemDataAlignment,Mode,Priority
Dma.DAC_CH1.3.Direction=DMA_MEMORY_TO_PERIPH
Dma.DAC_CH1.3.Instance=DMA2_Channel3
Dma.DAC_CH1.3.MemDataAlignment=DMA_MDATAALIGN_WORD
Dma.DAC_CH1.3.MemInc=DMA_MINC_ENABLE
Dma.DAC_CH1.3.Mode=DMA_CIRCULAR
Dma.DAC_CH1.3.PeriphDataAlignment=DMA_PDATAALIGN_WORD
Dma.DAC_CH1.3.PeriphInc=DMA_PINC_DISABLE
Dma.DAC_CH1.3.Priority=DMA_PRIORITY_MEDIUM
Dma.DAC_CH1.3.RequestParameters=Instance,Direction,PeriphInc,MemInc,PeriphDataAlignment,MemDataAlignment,Mode,Priority
Dma.DAC_CH2.4.Direction=DMA_MEMORY_TO_PERIPH
Dma.DAC_CH2.4.Instance=DMA2_Channel4
Dma.DAC_CH2.4.MemDataAlignment=DMA_MDATAALIGN_WORD
Dma.DAC_CH2.4.MemInc=DMA_MINC_ENABLE
Dma.DAC_CH2.4.Mode=DMA_CIRCULAR
Dma.DAC_CH2.4.PeriphDataAlignment=DMA_PDATAALIGN_WORD
Dma.DAC_CH2.4.PeriphInc=DMA_PINC_DISABLE
Dma.DAC_CH2.4.Priority=DMA_PRIORITY_MEDIUM
Dma.DAC_CH2.4.RequestParameters=Instance,Direction,PeriphInc,MemInc,PeriphDataAlignment,MemDataAlignment,Mode,Priority
Dma.Request0=TIM1_CH1
Dma.Request1=TIM1_CH2
Dma.Request2=ADC1
Dma.Request3=DAC_CH1
Dma.Request4=DAC_CH2
Dma.Request5=ADC3
Dma.Request6=TIM8_CH3/UP
Dma.RequestsNb=7
Dma.TIM1_CH1.0.Direction=DMA_PERIPH_TO_MEMORY
Dma.TIM1_CH1.0.Instance=DMA1_Channel2
Dma.TIM1_CH1.0.MemDataAlignment=DMA_MDATAALIGN_HALFWORD
Dma.TIM1_CH1.0.MemInc=DMA_MINC_ENABLE
Dma.TIM1_CH1.0.Mode=DMA_NORMAL
Dma.TIM1_CH1.0.PeriphDataAlignment=DMA_PDATAALIGN_HALFWORD
Dma.TIM1_CH1.0.PeriphInc=DMA_PINC_DISABLE
Dma.TIM1_CH1.0.Priority=DMA_PRIORITY_HIGH
Dma.TIM1_CH1.0.RequestParameters=Instance,Direction,PeriphInc,MemInc,PeriphDataAlignment,MemDataAlignment,Mode,Priority
Dma.TIM1_CH2.1.Direction=DMA_PERIPH_TO_MEMORY
Dma.TIM1_CH2.1.Instance=DMA1_Channel3
Dma.TIM1_CH2.1.MemDataAlignment=DMA_MDATAALIGN_HALFWORD
Dma.TIM1_CH2.1.MemInc=DMA_MINC_ENABLE
Dma.TIM1_CH2.1.Mode=DMA_NORMAL
Dma.TIM1_CH2.1.PeriphDataAlignment=DMA_PDATAALIGN_HALFWORD
Dma.TIM1_CH2.1.PeriphInc=DMA_PINC_DISABLE
Dma.TIM1_CH2.1.Priority=DMA_PRIORITY_HIGH
Dma.TIM1_CH2.1.RequestParameters=Instance,Direction,PeriphInc,MemInc,PeriphDataAlignment,MemDataAlignment,Mode,Priority
Dma.TIM8_CH3/UP.6.Direction=DMA_PERIPH_TO_MEMORY
Dma.TIM8_CH3/UP.6.Instance=DMA2_Channel1
Dma.TIM8_CH3/UP.6.MemDataAlignment=DMA_MDATAALIGN_BYTE
Dma.TIM8_CH3/UP.6.MemInc=DMA_MINC_ENABLE
Dma.TIM8_CH3/UP.6.Mode=DMA_CIRCULAR
Dma.TIM8_CH3/UP.6.PeriphDataAlignment=DMA_PDATAALIGN_BYTE
Dma.TIM8_CH3/UP.6.PeriphInc=DMA_PINC_DISABLE
Dma.TIM8_CH3/UP.6.Priority=DMA_PRIORITY_VERY_HIGH
Dma.TIM8_CH3/UP.6.RequestParameters=Instance,Direction,PeriphInc,MemInc,PeriphDataAlignment,MemDataAlignment,Mode,Priority
File.Version=6
GPIO.groupedBy=Group By Peripherals
KeepUserPlacement=false
Mcu.Family=STM32F1
Mcu.IP0=ADC1
Mcu.IP1=ADC3
Mcu.IP10=TIM6
Mcu.IP11=TIM7
Mcu.IP12=TIM8
Mcu.IP13=USART1
Mcu.IP14=USB
Mcu.IP15=USB_DEVICE
Mcu.IP2=DAC
Mcu.IP3=DMA
Mcu.IP4=NVIC
Mcu.IP5=RCC
Mcu.IP6=SYS
Mcu.IP7=TIM1
Mcu.IP8=TIM2
Mcu.IP9=TIM4
Mcu.IPNb=16
Mcu.Name=STM32F103R(C-D-E)Tx
Mcu.Package=LQFP64
Mcu.Pin0=PC13-TAMPER-RTC
Mcu.Pin1=PD0-OSC_IN
Mcu.Pin10=PA9
Mcu.Pin11=PA10
Mcu.Pin12=PA11
Mcu.Pin13=PA12
Mcu.Pin14=PA13
Mcu.Pin15=PA14
Mcu.Pin16=PA15
Mcu.Pin17=PB3
Mcu.Pin18=PB6
Mcu.Pin19=VP_ADC1_Vref_Input
Mcu.Pin2=PD1-OSC_OUT
Mcu.Pin20=VP_SYS_VS_Systick
Mcu.Pin21=VP_TIM1_VS_ClockSourceINT
Mcu.Pin22=VP_TIM1_VS_no_output3
Mcu.Pin23=VP_TIM2_VS_ClockSourceINT
Mcu.Pin24=VP_TIM4_VS_ControllerModeTrigger
Mcu.Pin25=VP_TIM4_VS_ClockSourceINT
Mcu.Pin26=VP_TIM4_VS_ClockSourceITR
Mcu.Pin27=VP_TIM6_VS_ClockSourceINT
Mcu.Pin28=VP_TIM7_VS_ClockSourceINT
Mcu.Pin29=VP_TIM8_VS_ClockSourceINT
Mcu.Pin3=PA0-WKUP
Mcu.Pin30=VP_TIM8_VS_no_output3
Mcu.Pin31=VP_USB_DEVICE_VS_USB_DEVICE_CDC_FS
Mcu.Pin4=PA1
Mcu.Pin5=PA2
Mcu.Pin6=PA3
Mcu.Pin7=PA4
Mcu.Pin8=PA5
Mcu.Pin9=PA8
Mcu.PinsNb=32
Mcu.ThirdPartyNb=0
Mcu.UserConstants=
Mcu.UserName=STM32F103RETx
MxCube.Version=6.0.1
MxDb.Version=DB.6.0.0
NVIC.BusFault_IRQn=true\:0\:0\:false\:false\:true\:false\:false
NVIC.DebugMonitor_IRQn=true\:0\:0\:false\:false\:true\:false\:false
NVIC.ForceEnableDMAVector=false
NVIC.HardFault_IRQn=true\:0\:0\:false\:false\:true\:false\:false
NVIC.MemoryManagement_IRQn=true\:0\:0\:false\:false\:true\:false\:false
NVIC.NonMaskableInt_IRQn=true\:0\:0\:false\:false\:true\:false\:false
NVIC.PendSV_IRQn=true\:15\:0\:true\:false\:false\:false\:false
NVIC.PriorityGroup=NVIC_PRIORITYGROUP_4
NVIC.SVCall_IRQn=true\:0\:0\:false\:false\:false\:false\:false
NVIC.SysTick_IRQn=true\:15\:0\:true\:false\:false\:false\:false
NVIC.USB_LP_CAN1_RX0_IRQn=true\:7\:0\:true\:false\:true\:false\:true
NVIC.UsageFault_IRQn=true\:0\:0\:false\:false\:true\:false\:false
PA0-WKUP.Signal=ADCx_IN0
PA1.Signal=ADCx_IN1
PA10.Mode=Asynchronous
PA10.Signal=USART1_RX
PA11.Mode=Device
PA11.Signal=USB_DM
PA12.Mode=Device
PA12.Signal=USB_DP
PA13.Mode=Trace_Asynchronous_SW
PA13.Signal=SYS_JTMS-SWDIO
PA14.Mode=Trace_Asynchronous_SW
PA14.Signal=SYS_JTCK-SWCLK
PA15.Signal=S_TIM2_CH1_ETR
PA2.Signal=ADCx_IN2
PA3.Signal=ADCx_IN3
PA4.Signal=COMP_DAC1_group
PA5.Signal=COMP_DAC2_group
PA8.Signal=S_TIM1_CH1
PA9.Mode=Asynchronous
PA9.Signal=USART1_TX
PB3.Mode=Trace_Asynchronous_SW
PB3.Signal=SYS_JTDO-TRACESWO
PB6.Signal=S_TIM4_CH1
PC13-TAMPER-RTC.GPIOParameters=PinState
PC13-TAMPER-RTC.Locked=true
PC13-TAMPER-RTC.PinState=GPIO_PIN_SET
PC13-TAMPER-RTC.Signal=GPIO_Output
PD0-OSC_IN.Mode=HSE-External-Oscillator
PD0-OSC_IN.Signal=RCC_OSC_IN
PD1-OSC_OUT.Mode=HSE-External-Oscillator
PD1-OSC_OUT.Signal=RCC_OSC_OUT
PinOutPanel.RotationAngle=0
ProjectManager.AskForMigrate=true
ProjectManager.BackupPrevious=true
ProjectManager.CompilerOptimize=6
ProjectManager.ComputerToolchain=false
ProjectManager.CoupleFile=false
ProjectManager.CustomerFirmwarePackage=
ProjectManager.DefaultFWLocation=true
ProjectManager.DeletePrevious=true
ProjectManager.DeviceId=STM32F103RETx
ProjectManager.FirmwarePackage=STM32Cube FW_F1 V1.8.3
ProjectManager.FreePins=false
ProjectManager.HalAssertFull=false
ProjectManager.HeapSize=0x0
ProjectManager.KeepUserCode=true
ProjectManager.LastFirmware=false
ProjectManager.LibraryCopy=1
ProjectManager.MainLocation=Core/Src
ProjectManager.NoMain=false
ProjectManager.PreviousToolchain=
ProjectManager.ProjectBuild=false
ProjectManager.ProjectFileName=EMBO_F103RE.ioc
ProjectManager.ProjectName=EMBO_F103RE
ProjectManager.RegisterCallBack=
ProjectManager.StackSize=0x400
ProjectManager.TargetToolchain=STM32CubeIDE
ProjectManager.ToolChainLocation=
ProjectManager.UnderRoot=true
ProjectManager.functionlistsort=1-MX_GPIO_Init-GPIO-false-LL-true,2-MX_DMA_Init-DMA-false-LL-true,3-SystemClock_Config-RCC-false-LL-false,4-MX_TIM1_Init-TIM1-false-LL-true,5-MX_USART1_UART_Init-USART1-false-LL-true,6-MX_ADC1_Init-ADC1-false-LL-true,7-MX_DAC_Init-DAC-false-LL-true,8-MX_TIM2_Init-TIM2-false-LL-true,9-MX_TIM4_Init-TIM4-false-LL-true,10-MX_TIM6_Init-TIM6-false-LL-true,11-MX_USB_DEVICE_Init-USB_DEVICE-false-HAL-false,12-MX_TIM7_Init-TIM7-false-LL-true,13-MX_ADC3_Init-ADC3-false-LL-true,14-MX_TIM8_Init-TIM8-false-LL-true
RCC.ADCFreqValue=12000000
RCC.ADCPresc=RCC_ADCPCLK2_DIV6
RCC.AHBFreq_Value=72000000
RCC.APB1CLKDivider=RCC_HCLK_DIV2
RCC.APB1Freq_Value=36000000
RCC.APB1TimFreq_Value=72000000
RCC.APB2Freq_Value=72000000
RCC.APB2TimFreq_Value=72000000
RCC.FCLKCortexFreq_Value=72000000
RCC.FamilyName=M
RCC.HCLKFreq_Value=72000000
RCC.I2S2Freq_Value=72000000
RCC.I2S3Freq_Value=72000000
RCC.IPParameters=ADCFreqValue,ADCPresc,AHBFreq_Value,APB1CLKDivider,APB1Freq_Value,APB1TimFreq_Value,APB2Freq_Value,APB2TimFreq_Value,FCLKCortexFreq_Value,FamilyName,HCLKFreq_Value,I2S2Freq_Value,I2S3Freq_Value,MCOFreq_Value,PLLCLKFreq_Value,PLLMCOFreq_Value,PLLMUL,SDIOFreq_Value,SDIOHCLKDiv2FreqValue,SYSCLKFreq_VALUE,SYSCLKSource,TimSysFreq_Value,USBFreq_Value,USBPrescaler,VCOOutput2Freq_Value
RCC.MCOFreq_Value=72000000
RCC.PLLCLKFreq_Value=72000000
RCC.PLLMCOFreq_Value=36000000
RCC.PLLMUL=RCC_PLL_MUL9
RCC.SDIOFreq_Value=72000000
RCC.SDIOHCLKDiv2FreqValue=36000000
RCC.SYSCLKFreq_VALUE=72000000
RCC.SYSCLKSource=RCC_SYSCLKSOURCE_PLLCLK
RCC.TimSysFreq_Value=72000000
RCC.USBFreq_Value=48000000
RCC.USBPrescaler=RCC_USBCLKSOURCE_PLL_DIV1_5
RCC.VCOOutput2Freq_Value=8000000
SH.ADCx_IN0.0=ADC1_IN0,IN0
SH.ADCx_IN0.ConfNb=1
SH.ADCx_IN1.0=ADC1_IN1,IN1
SH.ADCx_IN1.ConfNb=1
SH.ADCx_IN2.0=ADC3_IN2,IN2
SH.ADCx_IN2.ConfNb=1
SH.ADCx_IN3.0=ADC3_IN3,IN3
SH.ADCx_IN3.ConfNb=1
SH.COMP_DAC1_group.0=DAC_OUT1,DAC_OUT1
SH.COMP_DAC1_group.ConfNb=1
SH.COMP_DAC2_group.0=DAC_OUT2,DAC_OUT2
SH.COMP_DAC2_group.ConfNb=1
SH.S_TIM1_CH1.0=TIM1_CH1,Input_Capture1_from_TI1
SH.S_TIM1_CH1.1=TIM1_CH1,Input_Capture2_from_TI1
SH.S_TIM1_CH1.ConfNb=2
SH.S_TIM2_CH1_ETR.0=TIM2_CH1,PWM Generation1 CH1
SH.S_TIM2_CH1_ETR.ConfNb=1
SH.S_TIM4_CH1.0=TIM4_CH1,PWM Generation1 CH1
SH.S_TIM4_CH1.ConfNb=1
TIM1.Channel-Input_Capture1_from_TI1=TIM_CHANNEL_1
TIM1.Channel-Input_Capture2_from_TI1=TIM_CHANNEL_2
TIM1.Channel-Output\ Compare3\ No\ Output=TIM_CHANNEL_3
TIM1.IPParameters=Channel-Input_Capture1_from_TI1,Channel-Input_Capture2_from_TI1,Channel-Output Compare3 No Output
TIM2.Channel-PWM\ Generation1\ CH1=TIM_CHANNEL_1
TIM2.IPParameters=Channel-PWM Generation1 CH1,Period,TIM_MasterSlaveMode,TIM_MasterOutputTrigger,OCFastMode_PWM-PWM Generation1 CH1
TIM2.OCFastMode_PWM-PWM\ Generation1\ CH1=TIM_OCFAST_ENABLE
TIM2.Period=1000
TIM2.TIM_MasterOutputTrigger=TIM_TRGO_ENABLE
TIM2.TIM_MasterSlaveMode=TIM_MASTERSLAVEMODE_ENABLE
TIM4.AutoReloadPreload=TIM_AUTORELOAD_PRELOAD_ENABLE
TIM4.Channel-PWM\ Generation1\ CH1=TIM_CHANNEL_1
TIM4.IPParameters=Channel-PWM Generation1 CH1,TIM_MasterOutputTrigger,AutoReloadPreload,Period,Prescaler,OCFastMode_PWM-PWM Generation1 CH1
TIM4.OCFastMode_PWM-PWM\ Generation1\ CH1=TIM_OCFAST_ENABLE
TIM4.Period=72
TIM4.Prescaler=1000
TIM4.TIM_MasterOutputTrigger=TIM_TRGO_UPDATE
TIM6.IPParameters=TIM_MasterOutputTrigger
TIM6.TIM_MasterOutputTrigger=TIM_TRGO_UPDATE
TIM7.IPParameters=TIM_MasterOutputTrigger
TIM7.TIM_MasterOutputTrigger=TIM_TRGO_UPDATE
TIM8.Channel-Output\ Compare3\ No\ Output=TIM_CHANNEL_3
TIM8.IPParameters=TIM_MasterOutputTrigger,Channel-Output Compare3 No Output
TIM8.TIM_MasterOutputTrigger=TIM_TRGO_UPDATE
USART1.IPParameters=VirtualMode
USART1.VirtualMode=VM_ASYNC
USB_DEVICE.CLASS_NAME_FS=CDC
USB_DEVICE.IPParameters=VirtualMode,VirtualModeFS,CLASS_NAME_FS,MANUFACTURER_STRING,PRODUCT_STRING_CDC_FS
USB_DEVICE.MANUFACTURER_STRING=CTU/Jakub Parez
USB_DEVICE.PRODUCT_STRING_CDC_FS=EMBO
USB_DEVICE.VirtualMode=Cdc
USB_DEVICE.VirtualModeFS=Cdc_FS
VP_ADC1_Vref_Input.Mode=IN-Vrefint
VP_ADC1_Vref_Input.Signal=ADC1_Vref_Input
VP_SYS_VS_Systick.Mode=SysTick
VP_SYS_VS_Systick.Signal=SYS_VS_Systick
VP_TIM1_VS_ClockSourceINT.Mode=Internal
VP_TIM1_VS_ClockSourceINT.Signal=TIM1_VS_ClockSourceINT
VP_TIM1_VS_no_output3.Mode=Output Compare3 No Output
VP_TIM1_VS_no_output3.Signal=TIM1_VS_no_output3
VP_TIM2_VS_ClockSourceINT.Mode=Internal
VP_TIM2_VS_ClockSourceINT.Signal=TIM2_VS_ClockSourceINT
VP_TIM4_VS_ClockSourceINT.Mode=Internal
VP_TIM4_VS_ClockSourceINT.Signal=TIM4_VS_ClockSourceINT
VP_TIM4_VS_ClockSourceITR.Mode=TriggerSource_ITR1
VP_TIM4_VS_ClockSourceITR.Signal=TIM4_VS_ClockSourceITR
VP_TIM4_VS_ControllerModeTrigger.Mode=Trigger Mode
VP_TIM4_VS_ControllerModeTrigger.Signal=TIM4_VS_ControllerModeTrigger
VP_TIM6_VS_ClockSourceINT.Mode=Enable_Timer
VP_TIM6_VS_ClockSourceINT.Signal=TIM6_VS_ClockSourceINT
VP_TIM7_VS_ClockSourceINT.Mode=Enable_Timer
VP_TIM7_VS_ClockSourceINT.Signal=TIM7_VS_ClockSourceINT
VP_TIM8_VS_ClockSourceINT.Mode=Internal
VP_TIM8_VS_ClockSourceINT.Signal=TIM8_VS_ClockSourceINT
VP_TIM8_VS_no_output3.Mode=Output Compare3 No Output
VP_TIM8_VS_no_output3.Signal=TIM8_VS_no_output3
VP_USB_DEVICE_VS_USB_DEVICE_CDC_FS.Mode=CDC_FS
VP_USB_DEVICE_VS_USB_DEVICE_CDC_FS.Signal=USB_DEVICE_VS_USB_DEVICE_CDC_FS
board=custom
isbadioc=false
