#MicroXplorer Configuration settings - do not modify
ADC1.AWD1HighThreshold=4095
ADC1.AWD1ITMode=ENABLE
ADC1.Channel-3\#ChannelRegularConversion=ADC_CHANNEL_VREFINT
ADC1.Channel-4\#ChannelRegularConversion=ADC_CHANNEL_1
ADC1.Channel-5\#ChannelRegularConversion=ADC_CHANNEL_2
ADC1.ContinuousConvMode=DISABLE
ADC1.EnableAnalogWatchDog=true
ADC1.EnableInjectedConversion=DISABLE
ADC1.ExternalTrigConv=ADC_EXTERNALTRIGCONV_T3_TRGO
ADC1.IPParameters=Rank-3\#ChannelRegularConversion,Channel-3\#ChannelRegularConversion,SamplingTime-3\#ChannelRegularConversion,NbrOfConversionFlag,ContinuousConvMode,EnableAnalogWatchDog,NbrOfConversion,ExternalTrigConv,Rank-4\#ChannelRegularConversion,Channel-4\#ChannelRegularConversion,SamplingTime-4\#ChannelRegularConversion,EnableInjectedConversion,Rank-5\#ChannelRegularConversion,Channel-5\#ChannelRegularConversion,SamplingTime-5\#ChannelRegularConversion,master,WatchdogChannel,AWD1ITMode,AWD1HighThreshold
ADC1.NbrOfConversion=3
ADC1.NbrOfConversionFlag=1
ADC1.Rank-3\#ChannelRegularConversion=1
ADC1.Rank-4\#ChannelRegularConversion=2
ADC1.Rank-5\#ChannelRegularConversion=3
ADC1.SamplingTime-3\#ChannelRegularConversion=ADC_SAMPLETIME_71CYCLES_5
ADC1.SamplingTime-4\#ChannelRegularConversion=ADC_SAMPLETIME_71CYCLES_5
ADC1.SamplingTime-5\#ChannelRegularConversion=ADC_SAMPLETIME_71CYCLES_5
ADC1.WatchdogChannel=ADC_CHANNEL_1
ADC1.master=1
ADC2.Channel-0\#ChannelRegularConversion=ADC_CHANNEL_0
ADC2.Channel-1\#ChannelRegularConversion=ADC_CHANNEL_0
ADC2.ContinuousConvMode=DISABLE
ADC2.EnableAnalogWatchDog=false
ADC2.IPParameters=Rank-0\#ChannelRegularConversion,Channel-0\#ChannelRegularConversion,SamplingTime-0\#ChannelRegularConversion,NbrOfConversionFlag,ContinuousConvMode,Rank-1\#ChannelRegularConversion,Channel-1\#ChannelRegularConversion,SamplingTime-1\#ChannelRegularConversion,NbrOfConversion,EnableAnalogWatchDog
ADC2.NbrOfConversion=2
ADC2.NbrOfConversionFlag=1
ADC2.Rank-0\#ChannelRegularConversion=1
ADC2.Rank-1\#ChannelRegularConversion=2
ADC2.SamplingTime-0\#ChannelRegularConversion=ADC_SAMPLETIME_1CYCLE_5
ADC2.SamplingTime-1\#ChannelRegularConversion=ADC_SAMPLETIME_1CYCLE_5
Dma.ADC1.0.Direction=DMA_PERIPH_TO_MEMORY
Dma.ADC1.0.Instance=DMA1_Channel1
Dma.ADC1.0.MemDataAlignment=DMA_MDATAALIGN_HALFWORD
Dma.ADC1.0.MemInc=DMA_MINC_ENABLE
Dma.ADC1.0.Mode=DMA_CIRCULAR
Dma.ADC1.0.PeriphDataAlignment=DMA_PDATAALIGN_HALFWORD
Dma.ADC1.0.PeriphInc=DMA_PINC_DISABLE
Dma.ADC1.0.Priority=DMA_PRIORITY_VERY_HIGH
Dma.ADC1.0.RequestParameters=Instance,Direction,PeriphInc,MemInc,PeriphDataAlignment,MemDataAlignment,Mode,Priority
Dma.Request0=ADC1
Dma.Request1=TIM3_CH1/TRIG
Dma.Request2=TIM1_CH1
Dma.Request3=TIM1_CH2
Dma.RequestsNb=4
Dma.TIM1_CH1.2.Direction=DMA_PERIPH_TO_MEMORY
Dma.TIM1_CH1.2.Instance=DMA1_Channel2
Dma.TIM1_CH1.2.MemDataAlignment=DMA_MDATAALIGN_HALFWORD
Dma.TIM1_CH1.2.MemInc=DMA_MINC_ENABLE
Dma.TIM1_CH1.2.Mode=DMA_NORMAL
Dma.TIM1_CH1.2.PeriphDataAlignment=DMA_PDATAALIGN_HALFWORD
Dma.TIM1_CH1.2.PeriphInc=DMA_PINC_DISABLE
Dma.TIM1_CH1.2.Priority=DMA_PRIORITY_HIGH
Dma.TIM1_CH1.2.RequestParameters=Instance,Direction,PeriphInc,MemInc,PeriphDataAlignment,MemDataAlignment,Mode,Priority
Dma.TIM1_CH2.3.Direction=DMA_PERIPH_TO_MEMORY
Dma.TIM1_CH2.3.Instance=DMA1_Channel3
Dma.TIM1_CH2.3.MemDataAlignment=DMA_MDATAALIGN_HALFWORD
Dma.TIM1_CH2.3.MemInc=DMA_MINC_ENABLE
Dma.TIM1_CH2.3.Mode=DMA_NORMAL
Dma.TIM1_CH2.3.PeriphDataAlignment=DMA_PDATAALIGN_HALFWORD
Dma.TIM1_CH2.3.PeriphInc=DMA_PINC_DISABLE
Dma.TIM1_CH2.3.Priority=DMA_PRIORITY_HIGH
Dma.TIM1_CH2.3.RequestParameters=Instance,Direction,PeriphInc,MemInc,PeriphDataAlignment,MemDataAlignment,Mode,Priority
Dma.TIM3_CH1/TRIG.1.Direction=DMA_PERIPH_TO_MEMORY
Dma.TIM3_CH1/TRIG.1.Instance=DMA1_Channel6
Dma.TIM3_CH1/TRIG.1.MemDataAlignment=DMA_MDATAALIGN_BYTE
Dma.TIM3_CH1/TRIG.1.MemInc=DMA_MINC_ENABLE
Dma.TIM3_CH1/TRIG.1.Mode=DMA_CIRCULAR
Dma.TIM3_CH1/TRIG.1.PeriphDataAlignment=DMA_PDATAALIGN_BYTE
Dma.TIM3_CH1/TRIG.1.PeriphInc=DMA_PINC_DISABLE
Dma.TIM3_CH1/TRIG.1.Priority=DMA_PRIORITY_VERY_HIGH
Dma.TIM3_CH1/TRIG.1.RequestParameters=Instance,Direction,PeriphInc,MemInc,PeriphDataAlignment,MemDataAlignment,Mode,Priority
File.Version=6
GPIO.groupedBy=Group By Peripherals
KeepUserPlacement=false
Mcu.Family=STM32F1
Mcu.IP0=ADC1
Mcu.IP1=ADC2
Mcu.IP10=USART1
Mcu.IP11=USB
Mcu.IP12=USB_DEVICE
Mcu.IP2=DMA
Mcu.IP3=NVIC
Mcu.IP4=RCC
Mcu.IP5=SYS
Mcu.IP6=TIM1
Mcu.IP7=TIM2
Mcu.IP8=TIM3
Mcu.IP9=TIM4
Mcu.IPNb=13
Mcu.Name=STM32F103C(8-B)Tx
Mcu.Package=LQFP48
Mcu.Pin0=PC13-TAMPER-RTC
Mcu.Pin1=PD0-OSC_IN
Mcu.Pin10=PA10
Mcu.Pin11=PA11
Mcu.Pin12=PA12
Mcu.Pin13=PA13
Mcu.Pin14=PA14
Mcu.Pin15=PA15
Mcu.Pin16=PB6
Mcu.Pin17=VP_ADC1_Vref_Input
Mcu.Pin18=VP_SYS_VS_Systick
Mcu.Pin19=VP_TIM1_VS_ClockSourceINT
Mcu.Pin2=PD1-OSC_OUT
Mcu.Pin20=VP_TIM1_VS_no_output3
Mcu.Pin21=VP_TIM2_VS_ClockSourceINT
Mcu.Pin22=VP_TIM3_VS_ClockSourceINT
Mcu.Pin23=VP_TIM3_VS_no_output1
Mcu.Pin24=VP_TIM4_VS_ControllerModeTrigger
Mcu.Pin25=VP_TIM4_VS_ClockSourceINT
Mcu.Pin26=VP_TIM4_VS_ClockSourceITR
Mcu.Pin27=VP_USB_DEVICE_VS_USB_DEVICE_CDC_FS
Mcu.Pin3=PA0-WKUP
Mcu.Pin4=PA1
Mcu.Pin5=PA2
Mcu.Pin6=PA3
Mcu.Pin7=PA4
Mcu.Pin8=PA8
Mcu.Pin9=PA9
Mcu.PinsNb=28
Mcu.ThirdPartyNb=0
Mcu.UserConstants=
Mcu.UserName=STM32F103C8Tx
MxCube.Version=6.0.1
MxDb.Version=DB.6.0.0
NVIC.BusFault_IRQn=true\:0\:0\:true\:false\:true\:false\:false
NVIC.DebugMonitor_IRQn=true\:0\:0\:true\:false\:true\:false\:false
NVIC.ForceEnableDMAVector=false
NVIC.HardFault_IRQn=true\:0\:0\:false\:false\:true\:false\:false
NVIC.MemoryManagement_IRQn=true\:0\:0\:true\:false\:true\:false\:false
NVIC.NonMaskableInt_IRQn=true\:0\:0\:false\:false\:true\:false\:true
NVIC.PendSV_IRQn=true\:15\:0\:true\:false\:false\:false\:false
NVIC.PriorityGroup=NVIC_PRIORITYGROUP_4
NVIC.SVCall_IRQn=true\:0\:0\:true\:false\:false\:false\:false
NVIC.SysTick_IRQn=true\:15\:0\:true\:false\:false\:false\:false
NVIC.USB_LP_CAN1_RX0_IRQn=true\:7\:0\:true\:false\:true\:false\:true
NVIC.UsageFault_IRQn=true\:0\:0\:true\:false\:true\:false\:false
PA0-WKUP.Signal=ADCx_IN0
PA1.Signal=ADCx_IN1
PA10.Mode=Asynchronous
PA10.Signal=USART1_RX
PA11.Mode=Device
PA11.Signal=USB_DM
PA12.Mode=Device
PA12.Signal=USB_DP
PA13.Mode=Serial_Wire
PA13.Signal=SYS_JTMS-SWDIO
PA14.Mode=Serial_Wire
PA14.Signal=SYS_JTCK-SWCLK
PA15.GPIOParameters=GPIO_Speed
PA15.GPIO_Speed=GPIO_SPEED_FREQ_HIGH
PA15.Signal=S_TIM2_CH1_ETR
PA2.Signal=ADCx_IN2
PA3.Signal=ADCx_IN3
PA4.Signal=ADCx_IN4
PA8.Signal=S_TIM1_CH1
PA9.Mode=Asynchronous
PA9.Signal=USART1_TX
PB6.GPIOParameters=GPIO_Speed
PB6.GPIO_Speed=GPIO_SPEED_FREQ_HIGH
PB6.Signal=S_TIM4_CH1
PC13-TAMPER-RTC.GPIOParameters=PinState
PC13-TAMPER-RTC.PinState=GPIO_PIN_SET
PC13-TAMPER-RTC.Signal=GPIO_Output
PD0-OSC_IN.Mode=HSE-External-Oscillator
PD0-OSC_IN.Signal=RCC_OSC_IN
PD1-OSC_OUT.Mode=HSE-External-Oscillator
PD1-OSC_OUT.Signal=RCC_OSC_OUT
PinOutPanel.RotationAngle=0
ProjectManager.AskForMigrate=true
ProjectManager.BackupPrevious=true
ProjectManager.CompilerOptimize=6
ProjectManager.ComputerToolchain=false
ProjectManager.CoupleFile=false
ProjectManager.CustomerFirmwarePackage=
ProjectManager.DefaultFWLocation=true
ProjectManager.DeletePrevious=true
ProjectManager.DeviceId=STM32F103C8Tx
ProjectManager.FirmwarePackage=STM32Cube FW_F1 V1.8.3
ProjectManager.FreePins=false
ProjectManager.HalAssertFull=false
ProjectManager.HeapSize=0x0
ProjectManager.KeepUserCode=true
ProjectManager.LastFirmware=false
ProjectManager.LibraryCopy=1
ProjectManager.MainLocation=Core/Src
ProjectManager.NoMain=false
ProjectManager.PreviousToolchain=
ProjectManager.ProjectBuild=false
ProjectManager.ProjectFileName=EMBO_F103C8.ioc
ProjectManager.ProjectName=EMBO_F103C8
ProjectManager.RegisterCallBack=
ProjectManager.StackSize=0x300
ProjectManager.TargetToolchain=STM32CubeIDE
ProjectManager.ToolChainLocation=
ProjectManager.UnderRoot=true
ProjectManager.functionlistsort=1-MX_GPIO_Init-GPIO-false-LL-true,2-MX_DMA_Init-DMA-false-LL-true,3-SystemClock_Config-RCC-false-LL-false,4-MX_ADC1_Init-ADC1-false-LL-true,5-MX_USB_DEVICE_Init-USB_DEVICE-false-HAL-false,6-MX_TIM2_Init-TIM2-false-LL-true,7-MX_USART1_UART_Init-USART1-false-LL-true,8-MX_TIM3_Init-TIM3-false-LL-true,9-MX_TIM4_Init-TIM4-false-LL-true,10-MX_TIM1_Init-TIM1-false-LL-true,11-MX_ADC2_Init-ADC2-false-LL-true
RCC.ADCFreqValue=12000000
RCC.ADCPresc=RCC_ADCPCLK2_DIV6
RCC.AHBFreq_Value=72000000
RCC.APB1CLKDivider=RCC_HCLK_DIV2
RCC.APB1Freq_Value=36000000
RCC.APB1TimFreq_Value=72000000
RCC.APB2Freq_Value=72000000
RCC.APB2TimFreq_Value=72000000
RCC.EnbaleCSS=true
RCC.FCLKCortexFreq_Value=72000000
RCC.FamilyName=M
RCC.HCLKFreq_Value=72000000
RCC.HSE_Timout=200
RCC.IPParameters=ADCFreqValue,ADCPresc,AHBFreq_Value,APB1CLKDivider,APB1Freq_Value,APB1TimFreq_Value,APB2Freq_Value,APB2TimFreq_Value,EnbaleCSS,FCLKCortexFreq_Value,FamilyName,HCLKFreq_Value,HSE_Timout,MCOFreq_Value,PLLCLKFreq_Value,PLLMCOFreq_Value,PLLMUL,PLLSourceVirtual,SYSCLKFreq_VALUE,SYSCLKSource,TimSysFreq_Value,USBFreq_Value,USBPrescaler,VCOOutput2Freq_Value
RCC.MCOFreq_Value=72000000
RCC.PLLCLKFreq_Value=72000000
RCC.PLLMCOFreq_Value=36000000
RCC.PLLMUL=RCC_PLL_MUL9
RCC.PLLSourceVirtual=RCC_PLLSOURCE_HSE
RCC.SYSCLKFreq_VALUE=72000000
RCC.SYSCLKSource=RCC_SYSCLKSOURCE_PLLCLK
RCC.TimSysFreq_Value=72000000
RCC.USBFreq_Value=48000000
RCC.USBPrescaler=RCC_USBCLKSOURCE_PLL_DIV1_5
RCC.VCOOutput2Freq_Value=8000000
SH.ADCx_IN0.0=ADC2_IN0,IN0
SH.ADCx_IN0.ConfNb=1
SH.ADCx_IN1.0=ADC1_IN1,IN1
SH.ADCx_IN1.ConfNb=1
SH.ADCx_IN2.0=ADC1_IN2,IN2
SH.ADCx_IN2.ConfNb=1
SH.ADCx_IN3.0=ADC1_IN3,IN3
SH.ADCx_IN3.ConfNb=1
SH.ADCx_IN4.0=ADC1_IN4,IN4
SH.ADCx_IN4.ConfNb=1
SH.S_TIM1_CH1.0=TIM1_CH1,Input_Capture1_from_TI1
SH.S_TIM1_CH1.1=TIM1_CH1,Input_Capture2_from_TI1
SH.S_TIM1_CH1.ConfNb=2
SH.S_TIM2_CH1_ETR.0=TIM2_CH1,PWM Generation1 CH1
SH.S_TIM2_CH1_ETR.ConfNb=1
SH.S_TIM4_CH1.0=TIM4_CH1,PWM Generation1 CH1
SH.S_TIM4_CH1.ConfNb=1
TIM1.Channel-Input_Capture1_from_TI1=TIM_CHANNEL_1
TIM1.Channel-Input_Capture2_from_TI1=TIM_CHANNEL_2
TIM1.Channel-Output\ Compare3\ No\ Output=TIM_CHANNEL_3
TIM1.IPParameters=Channel-Input_Capture1_from_TI1,Channel-Input_Capture2_from_TI1,Channel-Output Compare3 No Output
TIM2.Channel-PWM\ Generation1\ CH1=TIM_CHANNEL_1
TIM2.IPParameters=Channel-PWM Generation1 CH1,Prescaler,Period,TIM_MasterSlaveMode,TIM_MasterOutputTrigger,OCFastMode_PWM-PWM Generation1 CH1,OC1Preload_PWM
TIM2.OC1Preload_PWM=ENABLE
TIM2.OCFastMode_PWM-PWM\ Generation1\ CH1=TIM_OCFAST_ENABLE
TIM2.Period=1000
TIM2.Prescaler=0
TIM2.TIM_MasterOutputTrigger=TIM_TRGO_ENABLE
TIM2.TIM_MasterSlaveMode=TIM_MASTERSLAVEMODE_ENABLE
TIM3.AutoReloadPreload=TIM_AUTORELOAD_PRELOAD_ENABLE
TIM3.Channel-Output\ Compare1\ No\ Output=TIM_CHANNEL_1
TIM3.IPParameters=Channel-Output Compare1 No Output,Prescaler,Period,AutoReloadPreload,TIM_MasterOutputTrigger
TIM3.Period=72
TIM3.Prescaler=1000
TIM3.TIM_MasterOutputTrigger=TIM_TRGO_UPDATE
TIM4.AutoReloadPreload=TIM_AUTORELOAD_PRELOAD_ENABLE
TIM4.Channel-PWM\ Generation1\ CH1=TIM_CHANNEL_1
TIM4.IPParameters=Prescaler,AutoReloadPreload,Period,Channel-PWM Generation1 CH1,TIM_MasterSlaveMode,TIM_MasterOutputTrigger,OCFastMode_PWM-PWM Generation1 CH1
TIM4.OCFastMode_PWM-PWM\ Generation1\ CH1=TIM_OCFAST_ENABLE
TIM4.Period=72
TIM4.Prescaler=1000
TIM4.TIM_MasterOutputTrigger=TIM_TRGO_UPDATE
TIM4.TIM_MasterSlaveMode=TIM_MASTERSLAVEMODE_DISABLE
USART1.IPParameters=VirtualMode
USART1.VirtualMode=VM_ASYNC
USB_DEVICE.CLASS_NAME_FS=CDC
USB_DEVICE.IPParameters=VirtualMode,VirtualModeFS,CLASS_NAME_FS,MANUFACTURER_STRING,PRODUCT_STRING_CDC_FS
USB_DEVICE.MANUFACTURER_STRING=CTU/Jakub Parez
USB_DEVICE.PRODUCT_STRING_CDC_FS=UniLabTool-F103C8
USB_DEVICE.VirtualMode=Cdc
USB_DEVICE.VirtualModeFS=Cdc_FS
VP_ADC1_Vref_Input.Mode=IN-Vrefint
VP_ADC1_Vref_Input.Signal=ADC1_Vref_Input
VP_SYS_VS_Systick.Mode=SysTick
VP_SYS_VS_Systick.Signal=SYS_VS_Systick
VP_TIM1_VS_ClockSourceINT.Mode=Internal
VP_TIM1_VS_ClockSourceINT.Signal=TIM1_VS_ClockSourceINT
VP_TIM1_VS_no_output3.Mode=Output Compare3 No Output
VP_TIM1_VS_no_output3.Signal=TIM1_VS_no_output3
VP_TIM2_VS_ClockSourceINT.Mode=Internal
VP_TIM2_VS_ClockSourceINT.Signal=TIM2_VS_ClockSourceINT
VP_TIM3_VS_ClockSourceINT.Mode=Internal
VP_TIM3_VS_ClockSourceINT.Signal=TIM3_VS_ClockSourceINT
VP_TIM3_VS_no_output1.Mode=Output Compare1 No Output
VP_TIM3_VS_no_output1.Signal=TIM3_VS_no_output1
VP_TIM4_VS_ClockSourceINT.Mode=Internal
VP_TIM4_VS_ClockSourceINT.Signal=TIM4_VS_ClockSourceINT
VP_TIM4_VS_ClockSourceITR.Mode=TriggerSource_ITR1
VP_TIM4_VS_ClockSourceITR.Signal=TIM4_VS_ClockSourceITR
VP_TIM4_VS_ControllerModeTrigger.Mode=Trigger Mode
VP_TIM4_VS_ControllerModeTrigger.Signal=TIM4_VS_ControllerModeTrigger
VP_USB_DEVICE_VS_USB_DEVICE_CDC_FS.Mode=CDC_FS
VP_USB_DEVICE_VS_USB_DEVICE_CDC_FS.Signal=USB_DEVICE_VS_USB_DEVICE_CDC_FS
board=custom
isbadioc=false
